// !$*UTF8*$!
{
	archiveVersion = 1;
	classes = {
	};
	objectVersion = 46;
	objects = {

/* Begin PBXBuildFile section */
		012118A4193FE44F00CCA161 /* MercuryInstrument.m in Sources */ = {isa = PBXBuildFile; fileRef = 012118A3193FE44F00CCA161 /* MercuryInstrument.m */; };
		012118A7193FF67C00CCA161 /* logo.gif in Resources */ = {isa = PBXBuildFile; fileRef = 012118A6193FF67C00CCA161 /* logo.gif */; };
		012118A91942880000CCA161 /* thumbnails-2.png in Resources */ = {isa = PBXBuildFile; fileRef = 012118A81942880000CCA161 /* thumbnails-2.png */; };
		012118AB1942890A00CCA161 /* play.png in Resources */ = {isa = PBXBuildFile; fileRef = 012118AA1942890A00CCA161 /* play.png */; };
		018484D9193F284A00D5820B /* Foundation.framework in Frameworks */ = {isa = PBXBuildFile; fileRef = 018484D8193F284A00D5820B /* Foundation.framework */; };
		018484DB193F284A00D5820B /* CoreGraphics.framework in Frameworks */ = {isa = PBXBuildFile; fileRef = 018484DA193F284A00D5820B /* CoreGraphics.framework */; };
		018484DD193F284A00D5820B /* UIKit.framework in Frameworks */ = {isa = PBXBuildFile; fileRef = 018484DC193F284A00D5820B /* UIKit.framework */; };
		018484E3193F284A00D5820B /* InfoPlist.strings in Resources */ = {isa = PBXBuildFile; fileRef = 018484E1193F284A00D5820B /* InfoPlist.strings */; };
		018484E5193F284A00D5820B /* main.m in Sources */ = {isa = PBXBuildFile; fileRef = 018484E4193F284A00D5820B /* main.m */; };
		018484E9193F284A00D5820B /* AppDelegate.m in Sources */ = {isa = PBXBuildFile; fileRef = 018484E8193F284A00D5820B /* AppDelegate.m */; };
		018484EC193F284A00D5820B /* Main_iPhone.storyboard in Resources */ = {isa = PBXBuildFile; fileRef = 018484EA193F284A00D5820B /* Main_iPhone.storyboard */; };
		018484EF193F284A00D5820B /* Main_iPad.storyboard in Resources */ = {isa = PBXBuildFile; fileRef = 018484ED193F284A00D5820B /* Main_iPad.storyboard */; };
		018484F2193F284A00D5820B /* FirstViewController.m in Sources */ = {isa = PBXBuildFile; fileRef = 018484F1193F284A00D5820B /* FirstViewController.m */; };
		018484F5193F284A00D5820B /* SecondViewController.m in Sources */ = {isa = PBXBuildFile; fileRef = 018484F4193F284A00D5820B /* SecondViewController.m */; };
		018484F7193F284A00D5820B /* Images.xcassets in Resources */ = {isa = PBXBuildFile; fileRef = 018484F6193F284A00D5820B /* Images.xcassets */; };
		018484FE193F284A00D5820B /* XCTest.framework in Frameworks */ = {isa = PBXBuildFile; fileRef = 018484FD193F284A00D5820B /* XCTest.framework */; };
		018484FF193F284A00D5820B /* Foundation.framework in Frameworks */ = {isa = PBXBuildFile; fileRef = 018484D8193F284A00D5820B /* Foundation.framework */; };
		01848500193F284A00D5820B /* UIKit.framework in Frameworks */ = {isa = PBXBuildFile; fileRef = 018484DC193F284A00D5820B /* UIKit.framework */; };
		01848508193F284A00D5820B /* InfoPlist.strings in Resources */ = {isa = PBXBuildFile; fileRef = 01848506193F284A00D5820B /* InfoPlist.strings */; };
		0184850A193F284A00D5820B /* TRIOS_MOBILETests.m in Sources */ = {isa = PBXBuildFile; fileRef = 01848509193F284A00D5820B /* TRIOS_MOBILETests.m */; };
		01848515193F2A4500D5820B /* MainViewController.m in Sources */ = {isa = PBXBuildFile; fileRef = 01848514193F2A4500D5820B /* MainViewController.m */; };
		733AC7BE19449FA500E5546C /* IPhoneMainViewController.m in Sources */ = {isa = PBXBuildFile; fileRef = 733AC7BD19449FA500E5546C /* IPhoneMainViewController.m */; };
		733AC7C11944B56C00E5546C /* IPhoneFEPCriticalStatusViewController.m in Sources */ = {isa = PBXBuildFile; fileRef = 733AC7C01944B56C00E5546C /* IPhoneFEPCriticalStatusViewController.m */; };
		73E868ED1942B83D004A7C62 /* TabBarViewController.m in Sources */ = {isa = PBXBuildFile; fileRef = 73E868EC1942B83D004A7C62 /* TabBarViewController.m */; };
		73E868F019432F3C004A7C62 /* RealTimeSignalsViewController.m in Sources */ = {isa = PBXBuildFile; fileRef = 73E868EF19432F3C004A7C62 /* RealTimeSignalsViewController.m */; };
		D612AD408778477CB388787D /* libPods.a in Frameworks */ = {isa = PBXBuildFile; fileRef = F96985E5B4BE46578BA68F4C /* libPods.a */; };
/* End PBXBuildFile section */

/* Begin PBXContainerItemProxy section */
		01848501193F284A00D5820B /* PBXContainerItemProxy */ = {
			isa = PBXContainerItemProxy;
			containerPortal = 018484CD193F284A00D5820B /* Project object */;
			proxyType = 1;
			remoteGlobalIDString = 018484D4193F284A00D5820B;
			remoteInfo = "TRIOS-MOBILE";
		};
/* End PBXContainerItemProxy section */

/* Begin PBXFileReference section */
		012118A2193FE44F00CCA161 /* MercuryInstrument.h */ = {isa = PBXFileReference; fileEncoding = 4; lastKnownFileType = sourcecode.c.h; name = MercuryInstrument.h; path = ../MercuryInstrument.h; sourceTree = "<group>"; };
		012118A3193FE44F00CCA161 /* MercuryInstrument.m */ = {isa = PBXFileReference; fileEncoding = 4; lastKnownFileType = sourcecode.c.objc; name = MercuryInstrument.m; path = ../MercuryInstrument.m; sourceTree = "<group>"; };
		012118A6193FF67C00CCA161 /* logo.gif */ = {isa = PBXFileReference; lastKnownFileType = image.gif; path = logo.gif; sourceTree = "<group>"; };
		012118A81942880000CCA161 /* thumbnails-2.png */ = {isa = PBXFileReference; lastKnownFileType = image.png; path = "thumbnails-2.png"; sourceTree = "<group>"; };
		012118AA1942890A00CCA161 /* play.png */ = {isa = PBXFileReference; lastKnownFileType = image.png; path = play.png; sourceTree = "<group>"; };
		018484D5193F284A00D5820B /* TRIOS-MOBILE.app */ = {isa = PBXFileReference; explicitFileType = wrapper.application; includeInIndex = 0; path = "TRIOS-MOBILE.app"; sourceTree = BUILT_PRODUCTS_DIR; };
		018484D8193F284A00D5820B /* Foundation.framework */ = {isa = PBXFileReference; lastKnownFileType = wrapper.framework; name = Foundation.framework; path = System/Library/Frameworks/Foundation.framework; sourceTree = SDKROOT; };
		018484DA193F284A00D5820B /* CoreGraphics.framework */ = {isa = PBXFileReference; lastKnownFileType = wrapper.framework; name = CoreGraphics.framework; path = System/Library/Frameworks/CoreGraphics.framework; sourceTree = SDKROOT; };
		018484DC193F284A00D5820B /* UIKit.framework */ = {isa = PBXFileReference; lastKnownFileType = wrapper.framework; name = UIKit.framework; path = System/Library/Frameworks/UIKit.framework; sourceTree = SDKROOT; };
		018484E0193F284A00D5820B /* TRIOS-MOBILE-Info.plist */ = {isa = PBXFileReference; lastKnownFileType = text.plist.xml; path = "TRIOS-MOBILE-Info.plist"; sourceTree = "<group>"; };
		018484E2193F284A00D5820B /* en */ = {isa = PBXFileReference; lastKnownFileType = text.plist.strings; name = en; path = en.lproj/InfoPlist.strings; sourceTree = "<group>"; };
		018484E4193F284A00D5820B /* main.m */ = {isa = PBXFileReference; lastKnownFileType = sourcecode.c.objc; path = main.m; sourceTree = "<group>"; };
		018484E6193F284A00D5820B /* TRIOS-MOBILE-Prefix.pch */ = {isa = PBXFileReference; lastKnownFileType = sourcecode.c.h; path = "TRIOS-MOBILE-Prefix.pch"; sourceTree = "<group>"; };
		018484E7193F284A00D5820B /* AppDelegate.h */ = {isa = PBXFileReference; lastKnownFileType = sourcecode.c.h; path = AppDelegate.h; sourceTree = "<group>"; };
		018484E8193F284A00D5820B /* AppDelegate.m */ = {isa = PBXFileReference; lastKnownFileType = sourcecode.c.objc; path = AppDelegate.m; sourceTree = "<group>"; };
		018484EB193F284A00D5820B /* Base */ = {isa = PBXFileReference; lastKnownFileType = file.storyboard; name = Base; path = Base.lproj/Main_iPhone.storyboard; sourceTree = "<group>"; };
		018484EE193F284A00D5820B /* Base */ = {isa = PBXFileReference; lastKnownFileType = file.storyboard; name = Base; path = Base.lproj/Main_iPad.storyboard; sourceTree = "<group>"; };
		018484F0193F284A00D5820B /* FirstViewController.h */ = {isa = PBXFileReference; lastKnownFileType = sourcecode.c.h; path = FirstViewController.h; sourceTree = "<group>"; };
		018484F1193F284A00D5820B /* FirstViewController.m */ = {isa = PBXFileReference; lastKnownFileType = sourcecode.c.objc; path = FirstViewController.m; sourceTree = "<group>"; };
		018484F3193F284A00D5820B /* SecondViewController.h */ = {isa = PBXFileReference; lastKnownFileType = sourcecode.c.h; path = SecondViewController.h; sourceTree = "<group>"; };
		018484F4193F284A00D5820B /* SecondViewController.m */ = {isa = PBXFileReference; lastKnownFileType = sourcecode.c.objc; path = SecondViewController.m; sourceTree = "<group>"; };
		018484F6193F284A00D5820B /* Images.xcassets */ = {isa = PBXFileReference; lastKnownFileType = folder.assetcatalog; path = Images.xcassets; sourceTree = "<group>"; };
		018484FC193F284A00D5820B /* TRIOS-MOBILETests.xctest */ = {isa = PBXFileReference; explicitFileType = wrapper.cfbundle; includeInIndex = 0; path = "TRIOS-MOBILETests.xctest"; sourceTree = BUILT_PRODUCTS_DIR; };
		018484FD193F284A00D5820B /* XCTest.framework */ = {isa = PBXFileReference; lastKnownFileType = wrapper.framework; name = XCTest.framework; path = Library/Frameworks/XCTest.framework; sourceTree = DEVELOPER_DIR; };
		01848505193F284A00D5820B /* TRIOS-MOBILETests-Info.plist */ = {isa = PBXFileReference; lastKnownFileType = text.plist.xml; path = "TRIOS-MOBILETests-Info.plist"; sourceTree = "<group>"; };
		01848507193F284A00D5820B /* en */ = {isa = PBXFileReference; lastKnownFileType = text.plist.strings; name = en; path = en.lproj/InfoPlist.strings; sourceTree = "<group>"; };
		01848509193F284A00D5820B /* TRIOS_MOBILETests.m */ = {isa = PBXFileReference; lastKnownFileType = sourcecode.c.objc; path = TRIOS_MOBILETests.m; sourceTree = "<group>"; };
		01848513193F2A4500D5820B /* MainViewController.h */ = {isa = PBXFileReference; fileEncoding = 4; lastKnownFileType = sourcecode.c.h; path = MainViewController.h; sourceTree = "<group>"; };
		01848514193F2A4500D5820B /* MainViewController.m */ = {isa = PBXFileReference; fileEncoding = 4; lastKnownFileType = sourcecode.c.objc; path = MainViewController.m; sourceTree = "<group>"; };
		1502EDB792854FBC99680EFA /* Pods.xcconfig */ = {isa = PBXFileReference; includeInIndex = 1; lastKnownFileType = text.xcconfig; name = Pods.xcconfig; path = Pods/Pods.xcconfig; sourceTree = "<group>"; };
		733AC7BC19449FA500E5546C /* IPhoneMainViewController.h */ = {isa = PBXFileReference; fileEncoding = 4; lastKnownFileType = sourcecode.c.h; path = IPhoneMainViewController.h; sourceTree = "<group>"; };
		733AC7BD19449FA500E5546C /* IPhoneMainViewController.m */ = {isa = PBXFileReference; fileEncoding = 4; lastKnownFileType = sourcecode.c.objc; path = IPhoneMainViewController.m; sourceTree = "<group>"; };
		733AC7BF1944B56C00E5546C /* IPhoneFEPCriticalStatusViewController.h */ = {isa = PBXFileReference; fileEncoding = 4; lastKnownFileType = sourcecode.c.h; path = IPhoneFEPCriticalStatusViewController.h; sourceTree = "<group>"; };
		733AC7C01944B56C00E5546C /* IPhoneFEPCriticalStatusViewController.m */ = {isa = PBXFileReference; fileEncoding = 4; lastKnownFileType = sourcecode.c.objc; path = IPhoneFEPCriticalStatusViewController.m; sourceTree = "<group>"; };
		73E868EB1942B83D004A7C62 /* TabBarViewController.h */ = {isa = PBXFileReference; fileEncoding = 4; lastKnownFileType = sourcecode.c.h; path = TabBarViewController.h; sourceTree = "<group>"; };
		73E868EC1942B83D004A7C62 /* TabBarViewController.m */ = {isa = PBXFileReference; fileEncoding = 4; lastKnownFileType = sourcecode.c.objc; path = TabBarViewController.m; sourceTree = "<group>"; };
		73E868EE19432F3C004A7C62 /* RealTimeSignalsViewController.h */ = {isa = PBXFileReference; fileEncoding = 4; lastKnownFileType = sourcecode.c.h; path = RealTimeSignalsViewController.h; sourceTree = "<group>"; };
		73E868EF19432F3C004A7C62 /* RealTimeSignalsViewController.m */ = {isa = PBXFileReference; fileEncoding = 4; lastKnownFileType = sourcecode.c.objc; path = RealTimeSignalsViewController.m; sourceTree = "<group>"; };
		F96985E5B4BE46578BA68F4C /* libPods.a */ = {isa = PBXFileReference; explicitFileType = archive.ar; includeInIndex = 0; path = libPods.a; sourceTree = BUILT_PRODUCTS_DIR; };
/* End PBXFileReference section */

/* Begin PBXFrameworksBuildPhase section */
		018484D2193F284A00D5820B /* Frameworks */ = {
			isa = PBXFrameworksBuildPhase;
			buildActionMask = 2147483647;
			files = (
				018484DB193F284A00D5820B /* CoreGraphics.framework in Frameworks */,
				018484DD193F284A00D5820B /* UIKit.framework in Frameworks */,
				018484D9193F284A00D5820B /* Foundation.framework in Frameworks */,
				D612AD408778477CB388787D /* libPods.a in Frameworks */,
			);
			runOnlyForDeploymentPostprocessing = 0;
		};
		018484F9193F284A00D5820B /* Frameworks */ = {
			isa = PBXFrameworksBuildPhase;
			buildActionMask = 2147483647;
			files = (
				018484FE193F284A00D5820B /* XCTest.framework in Frameworks */,
				01848500193F284A00D5820B /* UIKit.framework in Frameworks */,
				018484FF193F284A00D5820B /* Foundation.framework in Frameworks */,
			);
			runOnlyForDeploymentPostprocessing = 0;
		};
/* End PBXFrameworksBuildPhase section */

/* Begin PBXGroup section */
		012118A5193FF66400CCA161 /* Resources */ = {
			isa = PBXGroup;
			children = (
				012118AA1942890A00CCA161 /* play.png */,
				012118A81942880000CCA161 /* thumbnails-2.png */,
				012118A6193FF67C00CCA161 /* logo.gif */,
			);
			name = Resources;
			sourceTree = "<group>";
		};
		018484CC193F284A00D5820B = {
			isa = PBXGroup;
			children = (
				018484DE193F284A00D5820B /* TRIOS-MOBILE */,
				01848503193F284A00D5820B /* TRIOS-MOBILETests */,
				018484D7193F284A00D5820B /* Frameworks */,
				018484D6193F284A00D5820B /* Products */,
				1502EDB792854FBC99680EFA /* Pods.xcconfig */,
			);
			sourceTree = "<group>";
		};
		018484D6193F284A00D5820B /* Products */ = {
			isa = PBXGroup;
			children = (
				018484D5193F284A00D5820B /* TRIOS-MOBILE.app */,
				018484FC193F284A00D5820B /* TRIOS-MOBILETests.xctest */,
			);
			name = Products;
			sourceTree = "<group>";
		};
		018484D7193F284A00D5820B /* Frameworks */ = {
			isa = PBXGroup;
			children = (
				018484D8193F284A00D5820B /* Foundation.framework */,
				018484DA193F284A00D5820B /* CoreGraphics.framework */,
				018484DC193F284A00D5820B /* UIKit.framework */,
				018484FD193F284A00D5820B /* XCTest.framework */,
				F96985E5B4BE46578BA68F4C /* libPods.a */,
			);
			name = Frameworks;
			sourceTree = "<group>";
		};
		018484DE193F284A00D5820B /* TRIOS-MOBILE */ = {
			isa = PBXGroup;
			children = (
				012118A5193FF66400CCA161 /* Resources */,
				012118A2193FE44F00CCA161 /* MercuryInstrument.h */,
				012118A3193FE44F00CCA161 /* MercuryInstrument.m */,
				73E868EB1942B83D004A7C62 /* TabBarViewController.h */,
				73E868EC1942B83D004A7C62 /* TabBarViewController.m */,
				018484E7193F284A00D5820B /* AppDelegate.h */,
				018484E8193F284A00D5820B /* AppDelegate.m */,
				733AC7BC19449FA500E5546C /* IPhoneMainViewController.h */,
				733AC7BD19449FA500E5546C /* IPhoneMainViewController.m */,
				733AC7BF1944B56C00E5546C /* IPhoneFEPCriticalStatusViewController.h */,
				733AC7C01944B56C00E5546C /* IPhoneFEPCriticalStatusViewController.m */,
				018484EA193F284A00D5820B /* Main_iPhone.storyboard */,
				018484ED193F284A00D5820B /* Main_iPad.storyboard */,
				73E868EE19432F3C004A7C62 /* RealTimeSignalsViewController.h */,
				73E868EF19432F3C004A7C62 /* RealTimeSignalsViewController.m */,
				01848513193F2A4500D5820B /* MainViewController.h */,
				01848514193F2A4500D5820B /* MainViewController.m */,
				018484F0193F284A00D5820B /* FirstViewController.h */,
				018484F1193F284A00D5820B /* FirstViewController.m */,
				018484F3193F284A00D5820B /* SecondViewController.h */,
				018484F4193F284A00D5820B /* SecondViewController.m */,
				018484F6193F284A00D5820B /* Images.xcassets */,
				018484DF193F284A00D5820B /* Supporting Files */,
			);
			path = "TRIOS-MOBILE";
			sourceTree = "<group>";
		};
		018484DF193F284A00D5820B /* Supporting Files */ = {
			isa = PBXGroup;
			children = (
				018484E0193F284A00D5820B /* TRIOS-MOBILE-Info.plist */,
				018484E1193F284A00D5820B /* InfoPlist.strings */,
				018484E4193F284A00D5820B /* main.m */,
				018484E6193F284A00D5820B /* TRIOS-MOBILE-Prefix.pch */,
			);
			name = "Supporting Files";
			sourceTree = "<group>";
		};
		01848503193F284A00D5820B /* TRIOS-MOBILETests */ = {
			isa = PBXGroup;
			children = (
				01848509193F284A00D5820B /* TRIOS_MOBILETests.m */,
				01848504193F284A00D5820B /* Supporting Files */,
			);
			path = "TRIOS-MOBILETests";
			sourceTree = "<group>";
		};
		01848504193F284A00D5820B /* Supporting Files */ = {
			isa = PBXGroup;
			children = (
				01848505193F284A00D5820B /* TRIOS-MOBILETests-Info.plist */,
				01848506193F284A00D5820B /* InfoPlist.strings */,
			);
			name = "Supporting Files";
			sourceTree = "<group>";
		};
/* End PBXGroup section */

/* Begin PBXNativeTarget section */
		018484D4193F284A00D5820B /* TRIOS-MOBILE */ = {
			isa = PBXNativeTarget;
			buildConfigurationList = 0184850D193F284A00D5820B /* Build configuration list for PBXNativeTarget "TRIOS-MOBILE" */;
			buildPhases = (
				4379C098A7C94352A0FAF527 /* Check Pods Manifest.lock */,
				018484D1193F284A00D5820B /* Sources */,
				018484D2193F284A00D5820B /* Frameworks */,
				018484D3193F284A00D5820B /* Resources */,
				B38EF918F1904BB9ABD50B1C /* Copy Pods Resources */,
			);
			buildRules = (
			);
			dependencies = (
			);
			name = "TRIOS-MOBILE";
			productName = "TRIOS-MOBILE";
			productReference = 018484D5193F284A00D5820B /* TRIOS-MOBILE.app */;
			productType = "com.apple.product-type.application";
		};
		018484FB193F284A00D5820B /* TRIOS-MOBILETests */ = {
			isa = PBXNativeTarget;
			buildConfigurationList = 01848510193F284A00D5820B /* Build configuration list for PBXNativeTarget "TRIOS-MOBILETests" */;
			buildPhases = (
				018484F8193F284A00D5820B /* Sources */,
				018484F9193F284A00D5820B /* Frameworks */,
				018484FA193F284A00D5820B /* Resources */,
			);
			buildRules = (
			);
			dependencies = (
				01848502193F284A00D5820B /* PBXTargetDependency */,
			);
			name = "TRIOS-MOBILETests";
			productName = "TRIOS-MOBILETests";
			productReference = 018484FC193F284A00D5820B /* TRIOS-MOBILETests.xctest */;
			productType = "com.apple.product-type.bundle.unit-test";
		};
/* End PBXNativeTarget section */

/* Begin PBXProject section */
		018484CD193F284A00D5820B /* Project object */ = {
			isa = PBXProject;
			attributes = {
				LastUpgradeCheck = 0510;
				ORGANIZATIONNAME = objectthink.com;
				TargetAttributes = {
					018484FB193F284A00D5820B = {
						TestTargetID = 018484D4193F284A00D5820B;
					};
				};
			};
			buildConfigurationList = 018484D0193F284A00D5820B /* Build configuration list for PBXProject "TRIOS-MOBILE" */;
			compatibilityVersion = "Xcode 3.2";
			developmentRegion = English;
			hasScannedForEncodings = 0;
			knownRegions = (
				en,
				Base,
			);
			mainGroup = 018484CC193F284A00D5820B;
			productRefGroup = 018484D6193F284A00D5820B /* Products */;
			projectDirPath = "";
			projectRoot = "";
			targets = (
				018484D4193F284A00D5820B /* TRIOS-MOBILE */,
				018484FB193F284A00D5820B /* TRIOS-MOBILETests */,
			);
		};
/* End PBXProject section */

/* Begin PBXResourcesBuildPhase section */
		018484D3193F284A00D5820B /* Resources */ = {
			isa = PBXResourcesBuildPhase;
			buildActionMask = 2147483647;
			files = (
				012118AB1942890A00CCA161 /* play.png in Resources */,
				018484EF193F284A00D5820B /* Main_iPad.storyboard in Resources */,
				018484F7193F284A00D5820B /* Images.xcassets in Resources */,
				012118A7193FF67C00CCA161 /* logo.gif in Resources */,
				018484EC193F284A00D5820B /* Main_iPhone.storyboard in Resources */,
				018484E3193F284A00D5820B /* InfoPlist.strings in Resources */,
				012118A91942880000CCA161 /* thumbnails-2.png in Resources */,
			);
			runOnlyForDeploymentPostprocessing = 0;
		};
		018484FA193F284A00D5820B /* Resources */ = {
			isa = PBXResourcesBuildPhase;
			buildActionMask = 2147483647;
			files = (
				01848508193F284A00D5820B /* InfoPlist.strings in Resources */,
			);
			runOnlyForDeploymentPostprocessing = 0;
		};
/* End PBXResourcesBuildPhase section */

/* Begin PBXShellScriptBuildPhase section */
		4379C098A7C94352A0FAF527 /* Check Pods Manifest.lock */ = {
			isa = PBXShellScriptBuildPhase;
			buildActionMask = 2147483647;
			files = (
			);
			inputPaths = (
			);
			name = "Check Pods Manifest.lock";
			outputPaths = (
			);
			runOnlyForDeploymentPostprocessing = 0;
			shellPath = /bin/sh;
			shellScript = "diff \"${PODS_ROOT}/../Podfile.lock\" \"${PODS_ROOT}/Manifest.lock\" > /dev/null\nif [[ $? != 0 ]] ; then\n    cat << EOM\nerror: The sandbox is not in sync with the Podfile.lock. Run 'pod install' or update your CocoaPods installation.\nEOM\n    exit 1\nfi\n";
			showEnvVarsInLog = 0;
		};
		B38EF918F1904BB9ABD50B1C /* Copy Pods Resources */ = {
			isa = PBXShellScriptBuildPhase;
			buildActionMask = 2147483647;
			files = (
			);
			inputPaths = (
			);
			name = "Copy Pods Resources";
			outputPaths = (
			);
			runOnlyForDeploymentPostprocessing = 0;
			shellPath = /bin/sh;
			shellScript = "\"${SRCROOT}/Pods/Pods-resources.sh\"\n";
			showEnvVarsInLog = 0;
		};
/* End PBXShellScriptBuildPhase section */

/* Begin PBXSourcesBuildPhase section */
		018484D1193F284A00D5820B /* Sources */ = {
			isa = PBXSourcesBuildPhase;
			buildActionMask = 2147483647;
			files = (
				018484F5193F284A00D5820B /* SecondViewController.m in Sources */,
				018484E9193F284A00D5820B /* AppDelegate.m in Sources */,
				73E868ED1942B83D004A7C62 /* TabBarViewController.m in Sources */,
				012118A4193FE44F00CCA161 /* MercuryInstrument.m in Sources */,
				733AC7C11944B56C00E5546C /* IPhoneFEPCriticalStatusViewController.m in Sources */,
				018484F2193F284A00D5820B /* FirstViewController.m in Sources */,
				733AC7BE19449FA500E5546C /* IPhoneMainViewController.m in Sources */,
				73E868F019432F3C004A7C62 /* RealTimeSignalsViewController.m in Sources */,
				01848515193F2A4500D5820B /* MainViewController.m in Sources */,
				018484E5193F284A00D5820B /* main.m in Sources */,
			);
			runOnlyForDeploymentPostprocessing = 0;
		};
		018484F8193F284A00D5820B /* Sources */ = {
			isa = PBXSourcesBuildPhase;
			buildActionMask = 2147483647;
			files = (
				0184850A193F284A00D5820B /* TRIOS_MOBILETests.m in Sources */,
			);
			runOnlyForDeploymentPostprocessing = 0;
		};
/* End PBXSourcesBuildPhase section */

/* Begin PBXTargetDependency section */
		01848502193F284A00D5820B /* PBXTargetDependency */ = {
			isa = PBXTargetDependency;
			target = 018484D4193F284A00D5820B /* TRIOS-MOBILE */;
			targetProxy = 01848501193F284A00D5820B /* PBXContainerItemProxy */;
		};
/* End PBXTargetDependency section */

/* Begin PBXVariantGroup section */
		018484E1193F284A00D5820B /* InfoPlist.strings */ = {
			isa = PBXVariantGroup;
			children = (
				018484E2193F284A00D5820B /* en */,
			);
			name = InfoPlist.strings;
			sourceTree = "<group>";
		};
		018484EA193F284A00D5820B /* Main_iPhone.storyboard */ = {
			isa = PBXVariantGroup;
			children = (
				018484EB193F284A00D5820B /* Base */,
			);
			name = Main_iPhone.storyboard;
			sourceTree = "<group>";
		};
		018484ED193F284A00D5820B /* Main_iPad.storyboard */ = {
			isa = PBXVariantGroup;
			children = (
				018484EE193F284A00D5820B /* Base */,
			);
			name = Main_iPad.storyboard;
			sourceTree = "<group>";
		};
		01848506193F284A00D5820B /* InfoPlist.strings */ = {
			isa = PBXVariantGroup;
			children = (
				01848507193F284A00D5820B /* en */,
			);
			name = InfoPlist.strings;
			sourceTree = "<group>";
		};
/* End PBXVariantGroup section */

/* Begin XCBuildConfiguration section */
		0184850B193F284A00D5820B /* Debug */ = {
			isa = XCBuildConfiguration;
			buildSettings = {
				ALWAYS_SEARCH_USER_PATHS = NO;
				CLANG_CXX_LANGUAGE_STANDARD = "gnu++0x";
				CLANG_CXX_LIBRARY = "libc++";
				CLANG_ENABLE_MODULES = YES;
				CLANG_ENABLE_OBJC_ARC = YES;
				CLANG_WARN_BOOL_CONVERSION = YES;
				CLANG_WARN_CONSTANT_CONVERSION = YES;
				CLANG_WARN_DIRECT_OBJC_ISA_USAGE = YES_ERROR;
				CLANG_WARN_EMPTY_BODY = YES;
				CLANG_WARN_ENUM_CONVERSION = YES;
				CLANG_WARN_INT_CONVERSION = YES;
				CLANG_WARN_OBJC_ROOT_CLASS = YES_ERROR;
				CLANG_WARN__DUPLICATE_METHOD_MATCH = YES;
				"CODE_SIGN_IDENTITY[sdk=iphoneos*]" = "iPhone Developer";
				COPY_PHASE_STRIP = NO;
				GCC_C_LANGUAGE_STANDARD = gnu99;
				GCC_DYNAMIC_NO_PIC = NO;
				GCC_OPTIMIZATION_LEVEL = 0;
				GCC_PREPROCESSOR_DEFINITIONS = (
					"DEBUG=1",
					"$(inherited)",
				);
				GCC_SYMBOLS_PRIVATE_EXTERN = NO;
				GCC_WARN_64_TO_32_BIT_CONVERSION = YES;
				GCC_WARN_ABOUT_RETURN_TYPE = YES_ERROR;
				GCC_WARN_UNDECLARED_SELECTOR = YES;
				GCC_WARN_UNINITIALIZED_AUTOS = YES_AGGRESSIVE;
				GCC_WARN_UNUSED_FUNCTION = YES;
				GCC_WARN_UNUSED_VARIABLE = YES;
				IPHONEOS_DEPLOYMENT_TARGET = 7.1;
				ONLY_ACTIVE_ARCH = YES;
				SDKROOT = iphoneos;
				TARGETED_DEVICE_FAMILY = "1,2";
			};
			name = Debug;
		};
		0184850C193F284A00D5820B /* Release */ = {
			isa = XCBuildConfiguration;
			buildSettings = {
				ALWAYS_SEARCH_USER_PATHS = NO;
				CLANG_CXX_LANGUAGE_STANDARD = "gnu++0x";
				CLANG_CXX_LIBRARY = "libc++";
				CLANG_ENABLE_MODULES = YES;
				CLANG_ENABLE_OBJC_ARC = YES;
				CLANG_WARN_BOOL_CONVERSION = YES;
				CLANG_WARN_CONSTANT_CONVERSION = YES;
				CLANG_WARN_DIRECT_OBJC_ISA_USAGE = YES_ERROR;
				CLANG_WARN_EMPTY_BODY = YES;
				CLANG_WARN_ENUM_CONVERSION = YES;
				CLANG_WARN_INT_CONVERSION = YES;
				CLANG_WARN_OBJC_ROOT_CLASS = YES_ERROR;
				CLANG_WARN__DUPLICATE_METHOD_MATCH = YES;
				"CODE_SIGN_IDENTITY[sdk=iphoneos*]" = "iPhone Developer";
				COPY_PHASE_STRIP = YES;
				ENABLE_NS_ASSERTIONS = NO;
				GCC_C_LANGUAGE_STANDARD = gnu99;
				GCC_WARN_64_TO_32_BIT_CONVERSION = YES;
				GCC_WARN_ABOUT_RETURN_TYPE = YES_ERROR;
				GCC_WARN_UNDECLARED_SELECTOR = YES;
				GCC_WARN_UNINITIALIZED_AUTOS = YES_AGGRESSIVE;
				GCC_WARN_UNUSED_FUNCTION = YES;
				GCC_WARN_UNUSED_VARIABLE = YES;
				IPHONEOS_DEPLOYMENT_TARGET = 7.1;
				SDKROOT = iphoneos;
				TARGETED_DEVICE_FAMILY = "1,2";
				VALIDATE_PRODUCT = YES;
			};
			name = Release;
		};
		0184850E193F284A00D5820B /* Debug */ = {
			isa = XCBuildConfiguration;
			baseConfigurationReference = 1502EDB792854FBC99680EFA /* Pods.xcconfig */;
			buildSettings = {
				ASSETCATALOG_COMPILER_APPICON_NAME = AppIcon;
				ASSETCATALOG_COMPILER_LAUNCHIMAGE_NAME = LaunchImage;
				GCC_PRECOMPILE_PREFIX_HEADER = YES;
				GCC_PREFIX_HEADER = "TRIOS-MOBILE/TRIOS-MOBILE-Prefix.pch";
				INFOPLIST_FILE = "TRIOS-MOBILE/TRIOS-MOBILE-Info.plist";
				PRODUCT_NAME = "$(TARGET_NAME)";
				WRAPPER_EXTENSION = app;
			};
			name = Debug;
		};
		0184850F193F284A00D5820B /* Release */ = {
			isa = XCBuildConfiguration;
			baseConfigurationReference = 1502EDB792854FBC99680EFA /* Pods.xcconfig */;
			buildSettings = {
				ASSETCATALOG_COMPILER_APPICON_NAME = AppIcon;
				ASSETCATALOG_COMPILER_LAUNCHIMAGE_NAME = LaunchImage;
				GCC_PRECOMPILE_PREFIX_HEADER = YES;
				GCC_PREFIX_HEADER = "TRIOS-MOBILE/TRIOS-MOBILE-Prefix.pch";
				INFOPLIST_FILE = "TRIOS-MOBILE/TRIOS-MOBILE-Info.plist";
				PRODUCT_NAME = "$(TARGET_NAME)";
				WRAPPER_EXTENSION = app;
			};
			name = Release;
		};
		01848511193F284A00D5820B /* Debug */ = {
			isa = XCBuildConfiguration;
			buildSettings = {
				BUNDLE_LOADER = "$(BUILT_PRODUCTS_DIR)/TRIOS-MOBILE.app/TRIOS-MOBILE";
				FRAMEWORK_SEARCH_PATHS = (
					"$(SDKROOT)/Developer/Library/Frameworks",
					"$(inherited)",
					"$(DEVELOPER_FRAMEWORKS_DIR)",
				);
				GCC_PRECOMPILE_PREFIX_HEADER = YES;
				GCC_PREFIX_HEADER = "TRIOS-MOBILE/TRIOS-MOBILE-Prefix.pch";
				GCC_PREPROCESSOR_DEFINITIONS = (
					"DEBUG=1",
					"$(inherited)",
				);
				INFOPLIST_FILE = "TRIOS-MOBILETests/TRIOS-MOBILETests-Info.plist";
				PRODUCT_NAME = "$(TARGET_NAME)";
				TEST_HOST = "$(BUNDLE_LOADER)";
				WRAPPER_EXTENSION = xctest;
			};
			name = Debug;
		};
		01848512193F284A00D5820B /* Release */ = {
			isa = XCBuildConfiguration;
			buildSettings = {
				BUNDLE_LOADER = "$(BUILT_PRODUCTS_DIR)/TRIOS-MOBILE.app/TRIOS-MOBILE";
				FRAMEWORK_SEARCH_PATHS = (
					"$(SDKROOT)/Developer/Library/Frameworks",
					"$(inherited)",
					"$(DEVELOPER_FRAMEWORKS_DIR)",
				);
				GCC_PRECOMPILE_PREFIX_HEADER = YES;
				GCC_PREFIX_HEADER = "TRIOS-MOBILE/TRIOS-MOBILE-Prefix.pch";
				INFOPLIST_FILE = "TRIOS-MOBILETests/TRIOS-MOBILETests-Info.plist";
				PRODUCT_NAME = "$(TARGET_NAME)";
				TEST_HOST = "$(BUNDLE_LOADER)";
				WRAPPER_EXTENSION = xctest;
			};
			name = Release;
		};
/* End XCBuildConfiguration section */

/* Begin XCConfigurationList section */
		018484D0193F284A00D5820B /* Build configuration list for PBXProject "TRIOS-MOBILE" */ = {
			isa = XCConfigurationList;
			buildConfigurations = (
				0184850B193F284A00D5820B /* Debug */,
				0184850C193F284A00D5820B /* Release */,
			);
			defaultConfigurationIsVisible = 0;
			defaultConfigurationName = Release;
		};
		0184850D193F284A00D5820B /* Build configuration list for PBXNativeTarget "TRIOS-MOBILE" */ = {
			isa = XCConfigurationList;
			buildConfigurations = (
				0184850E193F284A00D5820B /* Debug */,
				0184850F193F284A00D5820B /* Release */,
			);
			defaultConfigurationIsVisible = 0;
			defaultConfigurationName = Release;
		};
		01848510193F284A00D5820B /* Build configuration list for PBXNativeTarget "TRIOS-MOBILETests" */ = {
			isa = XCConfigurationList;
			buildConfigurations = (
				01848511193F284A00D5820B /* Debug */,
				01848512193F284A00D5820B /* Release */,
			);
			defaultConfigurationIsVisible = 0;
			defaultConfigurationName = Release;
		};
/* End XCConfigurationList section */
	};
	rootObject = 018484CD193F284A00D5820B /* Project object */;
}
